
Microsoft Visual Studio Solution File, Format Version 12.00
# Visual Studio 15
VisualStudioVersion = 15.0.34930.48
MinimumVisualStudioVersion = 10.0.40219.1
Project("{8BC9CEB8-8B4A-11D0-8D11-00A0C91BC942}") = "ControlStructures", "ControlStructures\ControlStructures.vcxproj", "{394B59D9-8682-4785-B18F-9DB4700CECE3}"
EndProject
Project("{8BC9CEB8-8B4A-11D0-8D11-00A0C91BC942}") = "HomeWorks", "HomeWorks\HomeWorks.vcxproj", "{8EC227D4-4396-4BE2-854F-2991E47865F8}"
EndProject
Project("{8BC9CEB8-8B4A-11D0-8D11-00A0C91BC942}") = "Calc", "Calc\Calc.vcxproj", "{AC075E40-1A04-4AD8-B827-656D09F9C7D9}"
EndProject
Project("{8BC9CEB8-8B4A-11D0-8D11-00A0C91BC942}") = "Shooter", "Shooter\Shooter.vcxproj", "{89E53CC9-E70D-415A-A36A-1F42C9BB4CFE}"
EndProject
Project("{8BC9CEB8-8B4A-11D0-8D11-00A0C91BC942}") = "Palindrome", "Palindrome\Palindrome.vcxproj", "{B2024D93-2070-45A7-83B2-F2AA7EC5FAB7}"
EndProject
Project("{8BC9CEB8-8B4A-11D0-8D11-00A0C91BC942}") = "FOR", "FOR\FOR.vcxproj", "{1F996564-B3B7-4575-847D-010B8B884141}"
EndProject
Project("{8BC9CEB8-8B4A-11D0-8D11-00A0C91BC942}") = "Geometry", "Geometry\Geometry.vcxproj", "{B83CC239-9266-4213-B492-59E1D43FC483}"
EndProject
Global
	GlobalSection(SolutionConfigurationPlatforms) = preSolution
		Debug|x64 = Debug|x64
		Debug|x86 = Debug|x86
		Release|x64 = Release|x64
		Release|x86 = Release|x86
	EndGlobalSection
	GlobalSection(ProjectConfigurationPlatforms) = postSolution
		{394B59D9-8682-4785-B18F-9DB4700CECE3}.Debug|x64.ActiveCfg = Debug|x64
		{394B59D9-8682-4785-B18F-9DB4700CECE3}.Debug|x64.Build.0 = Debug|x64
		{394B59D9-8682-4785-B18F-9DB4700CECE3}.Debug|x86.ActiveCfg = Debug|Win32
		{394B59D9-8682-4785-B18F-9DB4700CECE3}.Debug|x86.Build.0 = Debug|Win32
		{394B59D9-8682-4785-B18F-9DB4700CECE3}.Release|x64.ActiveCfg = Release|x64
		{394B59D9-8682-4785-B18F-9DB4700CECE3}.Release|x64.Build.0 = Release|x64
		{394B59D9-8682-4785-B18F-9DB4700CECE3}.Release|x86.ActiveCfg = Release|Win32
		{394B59D9-8682-4785-B18F-9DB4700CECE3}.Release|x86.Build.0 = Release|Win32
		{8EC227D4-4396-4BE2-854F-2991E47865F8}.Debug|x64.ActiveCfg = Debug|x64
		{8EC227D4-4396-4BE2-854F-2991E47865F8}.Debug|x64.Build.0 = Debug|x64
		{8EC227D4-4396-4BE2-854F-2991E47865F8}.Debug|x86.ActiveCfg = Debug|Win32
		{8EC227D4-4396-4BE2-854F-2991E47865F8}.Debug|x86.Build.0 = Debug|Win32
		{8EC227D4-4396-4BE2-854F-2991E47865F8}.Release|x64.ActiveCfg = Release|x64
		{8EC227D4-4396-4BE2-854F-2991E47865F8}.Release|x64.Build.0 = Release|x64
		{8EC227D4-4396-4BE2-854F-2991E47865F8}.Release|x86.ActiveCfg = Release|Win32
		{8EC227D4-4396-4BE2-854F-2991E47865F8}.Release|x86.Build.0 = Release|Win32
		{AC075E40-1A04-4AD8-B827-656D09F9C7D9}.Debug|x64.ActiveCfg = Debug|x64
		{AC075E40-1A04-4AD8-B827-656D09F9C7D9}.Debug|x64.Build.0 = Debug|x64
		{AC075E40-1A04-4AD8-B827-656D09F9C7D9}.Debug|x86.ActiveCfg = Debug|Win32
		{AC075E40-1A04-4AD8-B827-656D09F9C7D9}.Debug|x86.Build.0 = Debug|Win32
		{AC075E40-1A04-4AD8-B827-656D09F9C7D9}.Release|x64.ActiveCfg = Release|x64
		{AC075E40-1A04-4AD8-B827-656D09F9C7D9}.Release|x64.Build.0 = Release|x64
		{AC075E40-1A04-4AD8-B827-656D09F9C7D9}.Release|x86.ActiveCfg = Release|Win32
		{AC075E40-1A04-4AD8-B827-656D09F9C7D9}.Release|x86.Build.0 = Release|Win32
		{89E53CC9-E70D-415A-A36A-1F42C9BB4CFE}.Debug|x64.ActiveCfg = Debug|x64
		{89E53CC9-E70D-415A-A36A-1F42C9BB4CFE}.Debug|x64.Build.0 = Debug|x64
		{89E53CC9-E70D-415A-A36A-1F42C9BB4CFE}.Debug|x86.ActiveCfg = Debug|Win32
		{89E53CC9-E70D-415A-A36A-1F42C9BB4CFE}.Debug|x86.Build.0 = Debug|Win32
		{89E53CC9-E70D-415A-A36A-1F42C9BB4CFE}.Release|x64.ActiveCfg = Release|x64
		{89E53CC9-E70D-415A-A36A-1F42C9BB4CFE}.Release|x64.Build.0 = Release|x64
		{89E53CC9-E70D-415A-A36A-1F42C9BB4CFE}.Release|x86.ActiveCfg = Release|Win32
		{89E53CC9-E70D-415A-A36A-1F42C9BB4CFE}.Release|x86.Build.0 = Release|Win32
		{B2024D93-2070-45A7-83B2-F2AA7EC5FAB7}.Debug|x64.ActiveCfg = Debug|x64
		{B2024D93-2070-45A7-83B2-F2AA7EC5FAB7}.Debug|x64.Build.0 = Debug|x64
		{B2024D93-2070-45A7-83B2-F2AA7EC5FAB7}.Debug|x86.ActiveCfg = Debug|Win32
		{B2024D93-2070-45A7-83B2-F2AA7EC5FAB7}.Debug|x86.Build.0 = Debug|Win32
		{B2024D93-2070-45A7-83B2-F2AA7EC5FAB7}.Release|x64.ActiveCfg = Release|x64
		{B2024D93-2070-45A7-83B2-F2AA7EC5FAB7}.Release|x64.Build.0 = Release|x64
		{B2024D93-2070-45A7-83B2-F2AA7EC5FAB7}.Release|x86.ActiveCfg = Release|Win32
		{B2024D93-2070-45A7-83B2-F2AA7EC5FAB7}.Release|x86.Build.0 = Release|Win32
		{1F996564-B3B7-4575-847D-010B8B884141}.Debug|x64.ActiveCfg = Debug|x64
		{1F996564-B3B7-4575-847D-010B8B884141}.Debug|x64.Build.0 = Debug|x64
		{1F996564-B3B7-4575-847D-010B8B884141}.Debug|x86.ActiveCfg = Debug|Win32
		{1F996564-B3B7-4575-847D-010B8B884141}.Debug|x86.Build.0 = Debug|Win32
		{1F996564-B3B7-4575-847D-010B8B884141}.Release|x64.ActiveCfg = Release|x64
		{1F996564-B3B7-4575-847D-010B8B884141}.Release|x64.Build.0 = Release|x64
		{1F996564-B3B7-4575-847D-010B8B884141}.Release|x86.ActiveCfg = Release|Win32
		{1F996564-B3B7-4575-847D-010B8B884141}.Release|x86.Build.0 = Release|Win32
		{B83CC239-9266-4213-B492-59E1D43FC483}.Debug|x64.ActiveCfg = Debug|x64
		{B83CC239-9266-4213-B492-59E1D43FC483}.Debug|x64.Build.0 = Debug|x64
		{B83CC239-9266-4213-B492-59E1D43FC483}.Debug|x86.ActiveCfg = Debug|Win32
		{B83CC239-9266-4213-B492-59E1D43FC483}.Debug|x86.Build.0 = Debug|Win32
		{B83CC239-9266-4213-B492-59E1D43FC483}.Release|x64.ActiveCfg = Release|x64
		{B83CC239-9266-4213-B492-59E1D43FC483}.Release|x64.Build.0 = Release|x64
		{B83CC239-9266-4213-B492-59E1D43FC483}.Release|x86.ActiveCfg = Release|Win32
		{B83CC239-9266-4213-B492-59E1D43FC483}.Release|x86.Build.0 = Release|Win32
	EndGlobalSection
	GlobalSection(SolutionProperties) = preSolution
		HideSolutionNode = FALSE
	EndGlobalSection
	GlobalSection(ExtensibilityGlobals) = postSolution
		SolutionGuid = {CC25DED8-AE77-411C-B761-DC65A861A717}
	EndGlobalSection
EndGlobal
